
Microsoft Visual Studio Solution File, Format Version 12.00
# Visual Studio Version 16
VisualStudioVersion = 16.0.30503.244
MinimumVisualStudioVersion = 10.0.40219.1
Project("{2150E333-8FDC-42A3-9474-1A3956D46DE8}") = "LamdaAndServerLess", "LamdaAndServerLess", "{43F32298-52F4-43AA-9600-283930C84C63}"
EndProject
Project("{2150E333-8FDC-42A3-9474-1A3956D46DE8}") = "Lamda", "Lamda", "{FA94FFB7-6FFF-4E0A-8839-298128CEAA85}"
EndProject
Project("{2150E333-8FDC-42A3-9474-1A3956D46DE8}") = "DynamoDemo", "DynamoDemo", "{C48358A0-F3E6-4919-8715-D33890945860}"
EndProject
Project("{9A19103F-16F7-4668-BE54-9A1E7A4F7556}") = "DynamoDb.Contracts", "DynamoDemo\DynamoDb.Contracts\DynamoDb.Contracts.csproj", "{28F7C434-52F2-41C0-9D4E-186C32C3F56C}"
EndProject
Project("{9A19103F-16F7-4668-BE54-9A1E7A4F7556}") = "DynamoDb.Core", "DynamoDemo\DynamoDb.Core\DynamoDb.Core.csproj", "{757AB292-55B7-4DC6-ADDE-E18A7C2085A9}"
EndProject
Project("{9A19103F-16F7-4668-BE54-9A1E7A4F7556}") = "DynamoDb.ReadersApp", "DynamoDemo\DynamoDb.ReadersApp\DynamoDb.ReadersApp.csproj", "{EB55F9BA-1537-4F8A-845D-A9595F2836E2}"
EndProject
Project("{2150E333-8FDC-42A3-9474-1A3956D46DE8}") = "TestAWS", "TestAWS", "{9C14249B-A1AE-4B99-9911-7D3D21BE160F}"
EndProject
Project("{9A19103F-16F7-4668-BE54-9A1E7A4F7556}") = "AWS-SNS", "TestAWS\AWS-SNS\AWS-SNS.csproj", "{4D5CE08A-C606-497A-915C-A99C3710E138}"
EndProject
Project("{9A19103F-16F7-4668-BE54-9A1E7A4F7556}") = "AWS-SQS", "TestAWS\AWS-SQS\AWS-SQS.csproj", "{95C2818C-490E-43EB-B76B-9B739E6C8777}"
EndProject
Project("{9A19103F-16F7-4668-BE54-9A1E7A4F7556}") = "DemoAWS", "TestAWS\DemoAWS\DemoAWS.csproj", "{FEE79416-25BD-4A33-B2CD-32C01E77C7FE}"
EndProject
Project("{9A19103F-16F7-4668-BE54-9A1E7A4F7556}") = "S3CreateAndList", "TestAWS\S3CreateAndList\S3CreateAndList.csproj", "{8800D1B4-17BF-460C-B0F9-095A90AD69A1}"
EndProject
Project("{9A19103F-16F7-4668-BE54-9A1E7A4F7556}") = "AWSLambda-DynamoFunction", "Lamda\AWSLambda-DynamoFunction\AWSLambda-DynamoFunction.csproj", "{05D27A4D-7136-49CC-9C36-68F6DB4D81ED}"
EndProject
Project("{9A19103F-16F7-4668-BE54-9A1E7A4F7556}") = "AWSLambda-LoadBalance", "Lamda\AWSLambda-LoadBalance\AWSLambda-LoadBalance.csproj", "{EA72B1A8-4B69-4C28-8B83-DDCABDE44AAC}"
EndProject
Project("{9A19103F-16F7-4668-BE54-9A1E7A4F7556}") = "AWSLambda-S3Function", "Lamda\AWSLambda-S3Function\AWSLambda-S3Function.csproj", "{89C4F45B-7EA9-4A8D-A9C0-94834CE3F9A0}"
EndProject
Project("{9A19103F-16F7-4668-BE54-9A1E7A4F7556}") = "AWSLambda-SNSFunction", "Lamda\AWSLambda-SNSFunction\AWSLambda-SNSFunction.csproj", "{0C5E72BB-BCC7-460F-B660-4225C5AD1F0C}"
EndProject
Project("{9A19103F-16F7-4668-BE54-9A1E7A4F7556}") = "AWSLambda-SQSFunction", "Lamda\AWSLambda-SQSFunction\AWSLambda-SQSFunction.csproj", "{8870BA39-FDA2-4DF0-BBFC-B036B2628733}"
EndProject
Project("{9A19103F-16F7-4668-BE54-9A1E7A4F7556}") = "AWSServerless-API", "Lamda-Serverless\AWSServerless-API\AWSServerless-API.csproj", "{1AEE1DC2-6BC0-43C6-948C-A50D35B718F0}"
EndProject
Project("{9A19103F-16F7-4668-BE54-9A1E7A4F7556}") = "AWSServerless-Dynamo", "Lamda-Serverless\AWSServerless-Dynamo\AWSServerless-Dynamo.csproj", "{A20E8D3A-C8DD-4DEE-9A5F-8F351B5F4C7C}"
EndProject
Project("{9A19103F-16F7-4668-BE54-9A1E7A4F7556}") = "AWSServerless-S3Function", "Lamda-Serverless\AWSServerless-S3Function\AWSServerless-S3Function.csproj", "{75102934-9CFB-4B5E-BC3E-4EF0F1FD9A9A}"
EndProject
Project("{9A19103F-16F7-4668-BE54-9A1E7A4F7556}") = "AWSServerless-WebApp", "Lamda-Serverless\AWSServerless-WebApp\AWSServerless-WebApp.csproj", "{3A9BF07D-CF5A-41E1-8F86-016D16DFEFD3}"
EndProject
Project("{9A19103F-16F7-4668-BE54-9A1E7A4F7556}") = "AWSServerless-WebSocket-API", "Lamda-Serverless\AWSServerless-WebSocket-API\AWSServerless-WebSocket-API.csproj", "{C848DAD4-5EAB-4325-9AC3-4A71F119E761}"
EndProject
Project("{9A19103F-16F7-4668-BE54-9A1E7A4F7556}") = "AuthenticationService", "TestAWS\okta-test\AuthenticationService.csproj", "{55E4B4E3-335F-4132-8793-256A0C745707}"
EndProject
Project("{9A19103F-16F7-4668-BE54-9A1E7A4F7556}") = "TimeZoneService", "TestAWS\TimeZoneService\TimeZoneService.csproj", "{8AB01EAD-3F2A-4910-B582-95A616BE98AF}"
EndProject
Project("{2150E333-8FDC-42A3-9474-1A3956D46DE8}") = "Cognito", "Cognito", "{1190BDBC-E715-4810-B9DC-08437A155778}"
EndProject
Project("{9A19103F-16F7-4668-BE54-9A1E7A4F7556}") = "ServerlessSpaWithDotNet", "Cognito\ServerlessSpaWithDotNet.csproj", "{36966BD3-3234-4500-9B03-59F4FC61125B}"
EndProject
Global
	GlobalSection(SolutionConfigurationPlatforms) = preSolution
		Debug|Any CPU = Debug|Any CPU
		Release|Any CPU = Release|Any CPU
	EndGlobalSection
	GlobalSection(ProjectConfigurationPlatforms) = postSolution
		{28F7C434-52F2-41C0-9D4E-186C32C3F56C}.Debug|Any CPU.ActiveCfg = Debug|Any CPU
		{28F7C434-52F2-41C0-9D4E-186C32C3F56C}.Debug|Any CPU.Build.0 = Debug|Any CPU
		{28F7C434-52F2-41C0-9D4E-186C32C3F56C}.Release|Any CPU.ActiveCfg = Release|Any CPU
		{28F7C434-52F2-41C0-9D4E-186C32C3F56C}.Release|Any CPU.Build.0 = Release|Any CPU
		{757AB292-55B7-4DC6-ADDE-E18A7C2085A9}.Debug|Any CPU.ActiveCfg = Debug|Any CPU
		{757AB292-55B7-4DC6-ADDE-E18A7C2085A9}.Debug|Any CPU.Build.0 = Debug|Any CPU
		{757AB292-55B7-4DC6-ADDE-E18A7C2085A9}.Release|Any CPU.ActiveCfg = Release|Any CPU
		{757AB292-55B7-4DC6-ADDE-E18A7C2085A9}.Release|Any CPU.Build.0 = Release|Any CPU
		{EB55F9BA-1537-4F8A-845D-A9595F2836E2}.Debug|Any CPU.ActiveCfg = Debug|Any CPU
		{EB55F9BA-1537-4F8A-845D-A9595F2836E2}.Debug|Any CPU.Build.0 = Debug|Any CPU
		{EB55F9BA-1537-4F8A-845D-A9595F2836E2}.Release|Any CPU.ActiveCfg = Release|Any CPU
		{EB55F9BA-1537-4F8A-845D-A9595F2836E2}.Release|Any CPU.Build.0 = Release|Any CPU
		{4D5CE08A-C606-497A-915C-A99C3710E138}.Debug|Any CPU.ActiveCfg = Debug|Any CPU
		{4D5CE08A-C606-497A-915C-A99C3710E138}.Debug|Any CPU.Build.0 = Debug|Any CPU
		{4D5CE08A-C606-497A-915C-A99C3710E138}.Release|Any CPU.ActiveCfg = Release|Any CPU
		{4D5CE08A-C606-497A-915C-A99C3710E138}.Release|Any CPU.Build.0 = Release|Any CPU
		{95C2818C-490E-43EB-B76B-9B739E6C8777}.Debug|Any CPU.ActiveCfg = Debug|Any CPU
		{95C2818C-490E-43EB-B76B-9B739E6C8777}.Debug|Any CPU.Build.0 = Debug|Any CPU
		{95C2818C-490E-43EB-B76B-9B739E6C8777}.Release|Any CPU.ActiveCfg = Release|Any CPU
		{95C2818C-490E-43EB-B76B-9B739E6C8777}.Release|Any CPU.Build.0 = Release|Any CPU
		{FEE79416-25BD-4A33-B2CD-32C01E77C7FE}.Debug|Any CPU.ActiveCfg = Debug|Any CPU
		{FEE79416-25BD-4A33-B2CD-32C01E77C7FE}.Debug|Any CPU.Build.0 = Debug|Any CPU
		{FEE79416-25BD-4A33-B2CD-32C01E77C7FE}.Release|Any CPU.ActiveCfg = Release|Any CPU
		{FEE79416-25BD-4A33-B2CD-32C01E77C7FE}.Release|Any CPU.Build.0 = Release|Any CPU
		{8800D1B4-17BF-460C-B0F9-095A90AD69A1}.Debug|Any CPU.ActiveCfg = Debug|Any CPU
		{8800D1B4-17BF-460C-B0F9-095A90AD69A1}.Debug|Any CPU.Build.0 = Debug|Any CPU
		{8800D1B4-17BF-460C-B0F9-095A90AD69A1}.Release|Any CPU.ActiveCfg = Release|Any CPU
		{8800D1B4-17BF-460C-B0F9-095A90AD69A1}.Release|Any CPU.Build.0 = Release|Any CPU
		{05D27A4D-7136-49CC-9C36-68F6DB4D81ED}.Debug|Any CPU.ActiveCfg = Debug|Any CPU
		{05D27A4D-7136-49CC-9C36-68F6DB4D81ED}.Debug|Any CPU.Build.0 = Debug|Any CPU
		{05D27A4D-7136-49CC-9C36-68F6DB4D81ED}.Release|Any CPU.ActiveCfg = Release|Any CPU
		{05D27A4D-7136-49CC-9C36-68F6DB4D81ED}.Release|Any CPU.Build.0 = Release|Any CPU
		{EA72B1A8-4B69-4C28-8B83-DDCABDE44AAC}.Debug|Any CPU.ActiveCfg = Debug|Any CPU
		{EA72B1A8-4B69-4C28-8B83-DDCABDE44AAC}.Debug|Any CPU.Build.0 = Debug|Any CPU
		{EA72B1A8-4B69-4C28-8B83-DDCABDE44AAC}.Release|Any CPU.ActiveCfg = Release|Any CPU
		{EA72B1A8-4B69-4C28-8B83-DDCABDE44AAC}.Release|Any CPU.Build.0 = Release|Any CPU
		{89C4F45B-7EA9-4A8D-A9C0-94834CE3F9A0}.Debug|Any CPU.ActiveCfg = Debug|Any CPU
		{89C4F45B-7EA9-4A8D-A9C0-94834CE3F9A0}.Debug|Any CPU.Build.0 = Debug|Any CPU
		{89C4F45B-7EA9-4A8D-A9C0-94834CE3F9A0}.Release|Any CPU.ActiveCfg = Release|Any CPU
		{89C4F45B-7EA9-4A8D-A9C0-94834CE3F9A0}.Release|Any CPU.Build.0 = Release|Any CPU
		{0C5E72BB-BCC7-460F-B660-4225C5AD1F0C}.Debug|Any CPU.ActiveCfg = Debug|Any CPU
		{0C5E72BB-BCC7-460F-B660-4225C5AD1F0C}.Debug|Any CPU.Build.0 = Debug|Any CPU
		{0C5E72BB-BCC7-460F-B660-4225C5AD1F0C}.Release|Any CPU.ActiveCfg = Release|Any CPU
		{0C5E72BB-BCC7-460F-B660-4225C5AD1F0C}.Release|Any CPU.Build.0 = Release|Any CPU
		{8870BA39-FDA2-4DF0-BBFC-B036B2628733}.Debug|Any CPU.ActiveCfg = Debug|Any CPU
		{8870BA39-FDA2-4DF0-BBFC-B036B2628733}.Debug|Any CPU.Build.0 = Debug|Any CPU
		{8870BA39-FDA2-4DF0-BBFC-B036B2628733}.Release|Any CPU.ActiveCfg = Release|Any CPU
		{8870BA39-FDA2-4DF0-BBFC-B036B2628733}.Release|Any CPU.Build.0 = Release|Any CPU
		{1AEE1DC2-6BC0-43C6-948C-A50D35B718F0}.Debug|Any CPU.ActiveCfg = Debug|Any CPU
		{1AEE1DC2-6BC0-43C6-948C-A50D35B718F0}.Debug|Any CPU.Build.0 = Debug|Any CPU
		{1AEE1DC2-6BC0-43C6-948C-A50D35B718F0}.Release|Any CPU.ActiveCfg = Release|Any CPU
		{1AEE1DC2-6BC0-43C6-948C-A50D35B718F0}.Release|Any CPU.Build.0 = Release|Any CPU
		{A20E8D3A-C8DD-4DEE-9A5F-8F351B5F4C7C}.Debug|Any CPU.ActiveCfg = Debug|Any CPU
		{A20E8D3A-C8DD-4DEE-9A5F-8F351B5F4C7C}.Debug|Any CPU.Build.0 = Debug|Any CPU
		{A20E8D3A-C8DD-4DEE-9A5F-8F351B5F4C7C}.Release|Any CPU.ActiveCfg = Release|Any CPU
		{A20E8D3A-C8DD-4DEE-9A5F-8F351B5F4C7C}.Release|Any CPU.Build.0 = Release|Any CPU
		{75102934-9CFB-4B5E-BC3E-4EF0F1FD9A9A}.Debug|Any CPU.ActiveCfg = Debug|Any CPU
		{75102934-9CFB-4B5E-BC3E-4EF0F1FD9A9A}.Debug|Any CPU.Build.0 = Debug|Any CPU
		{75102934-9CFB-4B5E-BC3E-4EF0F1FD9A9A}.Release|Any CPU.ActiveCfg = Release|Any CPU
		{75102934-9CFB-4B5E-BC3E-4EF0F1FD9A9A}.Release|Any CPU.Build.0 = Release|Any CPU
		{3A9BF07D-CF5A-41E1-8F86-016D16DFEFD3}.Debug|Any CPU.ActiveCfg = Debug|Any CPU
		{3A9BF07D-CF5A-41E1-8F86-016D16DFEFD3}.Debug|Any CPU.Build.0 = Debug|Any CPU
		{3A9BF07D-CF5A-41E1-8F86-016D16DFEFD3}.Release|Any CPU.ActiveCfg = Release|Any CPU
		{3A9BF07D-CF5A-41E1-8F86-016D16DFEFD3}.Release|Any CPU.Build.0 = Release|Any CPU
		{C848DAD4-5EAB-4325-9AC3-4A71F119E761}.Debug|Any CPU.ActiveCfg = Debug|Any CPU
		{C848DAD4-5EAB-4325-9AC3-4A71F119E761}.Debug|Any CPU.Build.0 = Debug|Any CPU
		{C848DAD4-5EAB-4325-9AC3-4A71F119E761}.Release|Any CPU.ActiveCfg = Release|Any CPU
		{C848DAD4-5EAB-4325-9AC3-4A71F119E761}.Release|Any CPU.Build.0 = Release|Any CPU
		{55E4B4E3-335F-4132-8793-256A0C745707}.Debug|Any CPU.ActiveCfg = Debug|Any CPU
		{55E4B4E3-335F-4132-8793-256A0C745707}.Debug|Any CPU.Build.0 = Debug|Any CPU
		{55E4B4E3-335F-4132-8793-256A0C745707}.Release|Any CPU.ActiveCfg = Release|Any CPU
		{55E4B4E3-335F-4132-8793-256A0C745707}.Release|Any CPU.Build.0 = Release|Any CPU
		{8AB01EAD-3F2A-4910-B582-95A616BE98AF}.Debug|Any CPU.ActiveCfg = Debug|Any CPU
		{8AB01EAD-3F2A-4910-B582-95A616BE98AF}.Debug|Any CPU.Build.0 = Debug|Any CPU
		{8AB01EAD-3F2A-4910-B582-95A616BE98AF}.Release|Any CPU.ActiveCfg = Release|Any CPU
		{8AB01EAD-3F2A-4910-B582-95A616BE98AF}.Release|Any CPU.Build.0 = Release|Any CPU
		{36966BD3-3234-4500-9B03-59F4FC61125B}.Debug|Any CPU.ActiveCfg = Debug|Any CPU
		{36966BD3-3234-4500-9B03-59F4FC61125B}.Debug|Any CPU.Build.0 = Debug|Any CPU
		{36966BD3-3234-4500-9B03-59F4FC61125B}.Release|Any CPU.ActiveCfg = Release|Any CPU
		{36966BD3-3234-4500-9B03-59F4FC61125B}.Release|Any CPU.Build.0 = Release|Any CPU
	EndGlobalSection
	GlobalSection(SolutionProperties) = preSolution
		HideSolutionNode = FALSE
	EndGlobalSection
	GlobalSection(NestedProjects) = preSolution
		{28F7C434-52F2-41C0-9D4E-186C32C3F56C} = {C48358A0-F3E6-4919-8715-D33890945860}
		{757AB292-55B7-4DC6-ADDE-E18A7C2085A9} = {C48358A0-F3E6-4919-8715-D33890945860}
		{EB55F9BA-1537-4F8A-845D-A9595F2836E2} = {C48358A0-F3E6-4919-8715-D33890945860}
		{4D5CE08A-C606-497A-915C-A99C3710E138} = {9C14249B-A1AE-4B99-9911-7D3D21BE160F}
		{95C2818C-490E-43EB-B76B-9B739E6C8777} = {9C14249B-A1AE-4B99-9911-7D3D21BE160F}
		{FEE79416-25BD-4A33-B2CD-32C01E77C7FE} = {9C14249B-A1AE-4B99-9911-7D3D21BE160F}
		{8800D1B4-17BF-460C-B0F9-095A90AD69A1} = {9C14249B-A1AE-4B99-9911-7D3D21BE160F}
		{05D27A4D-7136-49CC-9C36-68F6DB4D81ED} = {FA94FFB7-6FFF-4E0A-8839-298128CEAA85}
		{EA72B1A8-4B69-4C28-8B83-DDCABDE44AAC} = {FA94FFB7-6FFF-4E0A-8839-298128CEAA85}
		{89C4F45B-7EA9-4A8D-A9C0-94834CE3F9A0} = {FA94FFB7-6FFF-4E0A-8839-298128CEAA85}
		{0C5E72BB-BCC7-460F-B660-4225C5AD1F0C} = {FA94FFB7-6FFF-4E0A-8839-298128CEAA85}
		{8870BA39-FDA2-4DF0-BBFC-B036B2628733} = {FA94FFB7-6FFF-4E0A-8839-298128CEAA85}
		{1AEE1DC2-6BC0-43C6-948C-A50D35B718F0} = {43F32298-52F4-43AA-9600-283930C84C63}
		{A20E8D3A-C8DD-4DEE-9A5F-8F351B5F4C7C} = {43F32298-52F4-43AA-9600-283930C84C63}
		{75102934-9CFB-4B5E-BC3E-4EF0F1FD9A9A} = {43F32298-52F4-43AA-9600-283930C84C63}
		{3A9BF07D-CF5A-41E1-8F86-016D16DFEFD3} = {43F32298-52F4-43AA-9600-283930C84C63}
		{C848DAD4-5EAB-4325-9AC3-4A71F119E761} = {43F32298-52F4-43AA-9600-283930C84C63}
		{55E4B4E3-335F-4132-8793-256A0C745707} = {9C14249B-A1AE-4B99-9911-7D3D21BE160F}
		{8AB01EAD-3F2A-4910-B582-95A616BE98AF} = {9C14249B-A1AE-4B99-9911-7D3D21BE160F}
		{36966BD3-3234-4500-9B03-59F4FC61125B} = {1190BDBC-E715-4810-B9DC-08437A155778}
	EndGlobalSection
	GlobalSection(ExtensibilityGlobals) = postSolution
		SolutionGuid = {E3589C5E-27A8-4902-957A-9F722229FD4E}
	EndGlobalSection
EndGlobal
